
Microsoft Visual Studio Solution File, Format Version 12.00
# Visual Studio Version 17
VisualStudioVersion = 17.6.33815.320
MinimumVisualStudioVersion = 10.0.40219.1
Project("{9A19103F-16F7-4668-BE54-9A1E7A4F7556}") = "ChatApp", "ChatApp.csproj", "{A1787CAA-687B-4F99-B39B-E37D5EFD6173}"
EndProject
Project("{FAE04EC0-301F-11D3-BF4B-00C04F79EFBC}") = "Tests", "Tests\Tests.csproj", "{E1A11C0E-A4B6-4A6A-BFAA-E21F0DD12396}"
	ProjectSection(ProjectDependencies) = postProject
		{A1787CAA-687B-4F99-B39B-E37D5EFD6173} = {A1787CAA-687B-4F99-B39B-E37D5EFD6173}
	EndProjectSection
EndProject
Global
	GlobalSection(SolutionConfigurationPlatforms) = preSolution
		Debug|Any CPU = Debug|Any CPU
		Release|Any CPU = Release|Any CPU
	EndGlobalSection
	GlobalSection(ProjectConfigurationPlatforms) = postSolution
		{A1787CAA-687B-4F99-B39B-E37D5EFD6173}.Debug|Any CPU.ActiveCfg = Debug|Any CPU
		{A1787CAA-687B-4F99-B39B-E37D5EFD6173}.Debug|Any CPU.Build.0 = Debug|Any CPU
		{A1787CAA-687B-4F99-B39B-E37D5EFD6173}.Release|Any CPU.ActiveCfg = Release|Any CPU
		{A1787CAA-687B-4F99-B39B-E37D5EFD6173}.Release|Any CPU.Build.0 = Release|Any CPU
		{E1A11C0E-A4B6-4A6A-BFAA-E21F0DD12396}.Debug|Any CPU.ActiveCfg = Debug|Any CPU
		{E1A11C0E-A4B6-4A6A-BFAA-E21F0DD12396}.Debug|Any CPU.Build.0 = Debug|Any CPU
		{E1A11C0E-A4B6-4A6A-BFAA-E21F0DD12396}.Release|Any CPU.ActiveCfg = Release|Any CPU
		{E1A11C0E-A4B6-4A6A-BFAA-E21F0DD12396}.Release|Any CPU.Build.0 = Release|Any CPU
	EndGlobalSection
	GlobalSection(SolutionProperties) = preSolution
		HideSolutionNode = FALSE
	EndGlobalSection
	GlobalSection(ExtensibilityGlobals) = postSolution
		SolutionGuid = {F30F9F39-29DA-4CE6-A9FF-ECA6950F1B0F}
	EndGlobalSection
EndGlobal
